
Microsoft Visual Studio Solution File, Format Version 12.00
# Visual Studio Version 16
VisualStudioVersion = 16.0.29025.244
MinimumVisualStudioVersion = 10.0.40219.1
Project("{FAE04EC0-301F-11D3-BF4B-00C04F79EFBC}") = "Game", "Game\Game.csproj", "{06C8D731-B1AC-4B21-A38B-401274A33585}"
EndProject
Global
	GlobalSection(SolutionConfigurationPlatforms) = preSolution
		Debug|Any CPU = Debug|Any CPU
		Release|Any CPU = Release|Any CPU
	EndGlobalSection
	GlobalSection(ProjectConfigurationPlatforms) = postSolution
		{06C8D731-B1AC-4B21-A38B-401274A33585}.Debug|Any CPU.ActiveCfg = Debug|Any CPU
		{06C8D731-B1AC-4B21-A38B-401274A33585}.Debug|Any CPU.Build.0 = Debug|Any CPU
		{06C8D731-B1AC-4B21-A38B-401274A33585}.Release|Any CPU.ActiveCfg = Release|Any CPU
		{06C8D731-B1AC-4B21-A38B-401274A33585}.Release|Any CPU.Build.0 = Release|Any CPU
	EndGlobalSection
	GlobalSection(SolutionProperties) = preSolution
		HideSolutionNode = FALSE
	EndGlobalSection
	GlobalSection(ExtensibilityGlobals) = postSolution
		SolutionGuid = {D1E55315-4189-467A-BA59-371F8099DEB9}
	EndGlobalSection
EndGlobal
